
Microsoft Visual Studio Solution File, Format Version 12.00
# Visual Studio Version 16
VisualStudioVersion = 16.0.30611.23
MinimumVisualStudioVersion = 10.0.40219.1
Project("{FAE04EC0-301F-11D3-BF4B-00C04F79EFBC}") = "Avalonia.Preview", "Avalonia.Preview\Avalonia.Preview.csproj", "{0F4E7A1E-8884-442E-BBE9-CD0A9E111A56}"
EndProject
Project("{FAE04EC0-301F-11D3-BF4B-00C04F79EFBC}") = "Avalonia.Preview.Test", "Avalonia.Preview.Test\Avalonia.Preview.Test.csproj", "{60A686F7-0E18-4473-8012-D627DD1C99C5}"
EndProject
Global
	GlobalSection(SolutionConfigurationPlatforms) = preSolution
		Debug|Any CPU = Debug|Any CPU
		Release|Any CPU = Release|Any CPU
	EndGlobalSection
	GlobalSection(ProjectConfigurationPlatforms) = postSolution
		{0F4E7A1E-8884-442E-BBE9-CD0A9E111A56}.Debug|Any CPU.ActiveCfg = Debug|Any CPU
		{0F4E7A1E-8884-442E-BBE9-CD0A9E111A56}.Debug|Any CPU.Build.0 = Debug|Any CPU
		{0F4E7A1E-8884-442E-BBE9-CD0A9E111A56}.Release|Any CPU.ActiveCfg = Release|Any CPU
		{0F4E7A1E-8884-442E-BBE9-CD0A9E111A56}.Release|Any CPU.Build.0 = Release|Any CPU
		{60A686F7-0E18-4473-8012-D627DD1C99C5}.Debug|Any CPU.ActiveCfg = Debug|Any CPU
		{60A686F7-0E18-4473-8012-D627DD1C99C5}.Debug|Any CPU.Build.0 = Debug|Any CPU
		{60A686F7-0E18-4473-8012-D627DD1C99C5}.Release|Any CPU.ActiveCfg = Release|Any CPU
		{60A686F7-0E18-4473-8012-D627DD1C99C5}.Release|Any CPU.Build.0 = Release|Any CPU
	EndGlobalSection
	GlobalSection(SolutionProperties) = preSolution
		HideSolutionNode = FALSE
	EndGlobalSection
	GlobalSection(ExtensibilityGlobals) = postSolution
		SolutionGuid = {0AC22338-4C59-4164-850F-2E09EFBFD6E3}
	EndGlobalSection
EndGlobal
